
Microsoft Visual Studio Solution File, Format Version 12.00
# Visual Studio Version 17
VisualStudioVersion = 17.3.32825.248
MinimumVisualStudioVersion = 10.0.40219.1
Project("{FAE04EC0-301F-11D3-BF4B-00C04F79EFBC}") = "TennisGame", "TennisGame.csproj", "{5343D382-6140-401B-9C8C-EC3DE44877C9}"
EndProject
Project("{FAE04EC0-301F-11D3-BF4B-00C04F79EFBC}") = "TennisGameFixture", "..\TennisGameFixture\TennisGameFixture.csproj", "{8EABBC48-B767-4002-8BC8-98ECBBCEE163}"
EndProject
Global
	GlobalSection(SolutionConfigurationPlatforms) = preSolution
		Debug|Any CPU = Debug|Any CPU
		Release|Any CPU = Release|Any CPU
	EndGlobalSection
	GlobalSection(ProjectConfigurationPlatforms) = postSolution
		{5343D382-6140-401B-9C8C-EC3DE44877C9}.Debug|Any CPU.ActiveCfg = Debug|Any CPU
		{5343D382-6140-401B-9C8C-EC3DE44877C9}.Debug|Any CPU.Build.0 = Debug|Any CPU
		{5343D382-6140-401B-9C8C-EC3DE44877C9}.Release|Any CPU.ActiveCfg = Release|Any CPU
		{5343D382-6140-401B-9C8C-EC3DE44877C9}.Release|Any CPU.Build.0 = Release|Any CPU
		{8EABBC48-B767-4002-8BC8-98ECBBCEE163}.Debug|Any CPU.ActiveCfg = Debug|Any CPU
		{8EABBC48-B767-4002-8BC8-98ECBBCEE163}.Debug|Any CPU.Build.0 = Debug|Any CPU
		{8EABBC48-B767-4002-8BC8-98ECBBCEE163}.Release|Any CPU.ActiveCfg = Release|Any CPU
		{8EABBC48-B767-4002-8BC8-98ECBBCEE163}.Release|Any CPU.Build.0 = Release|Any CPU
	EndGlobalSection
	GlobalSection(SolutionProperties) = preSolution
		HideSolutionNode = FALSE
	EndGlobalSection
	GlobalSection(ExtensibilityGlobals) = postSolution
		SolutionGuid = {C610B959-1A32-42E9-8AF1-9CB0E212EC32}
	EndGlobalSection
EndGlobal
